
Microsoft Visual Studio Solution File, Format Version 12.00
# Visual Studio Version 18
MinimumVisualStudioVersion = 10.0.40219.1
Project("{2150E333-8FDC-42A3-9474-1A3956D46DE8}") = "src", "src", "{02EA681E-C7D8-13C7-8484-4AC65E1B71E8}"
EndProject
Project("{FAE04EC0-301F-11D3-BF4B-00C04F79EFBC}") = "SuperOfficeEntityPoller", "src\cloud-run\superoffice-entity-poller\SuperOfficeEntityPoller.csproj", "{D5A8FAFC-D616-D00A-F9D8-761F354EE724}"
EndProject
Project("{FAE04EC0-301F-11D3-BF4B-00C04F79EFBC}") = "BigQueryEntityPoller", "src\cloud-run\bigquery-entity-poller\BigQueryEntityPoller.csproj", "{0600EE4A-8D65-C931-5DC3-DA4FD158C14C}"
EndProject
Project("{FAE04EC0-301F-11D3-BF4B-00C04F79EFBC}") = "EiendomEntityPoller", "src\cloud-run\eiendom-entity-poller\EiendomEntityPoller.csproj", "{C3F2E1A0-7B84-4D96-8E5F-1A2B3C4D5E6F}"
EndProject
Project("{FAE04EC0-301F-11D3-BF4B-00C04F79EFBC}") = "FdvwebEntityPoller", "src\cloud-run\fdvweb-entity-poller\FdvwebEntityPoller.csproj", "{D7E8F9A0-B1C2-4D35-9F6E-2A3B4C5D6E7F}"
EndProject
Project("{FAE04EC0-301F-11D3-BF4B-00C04F79EFBC}") = "MysqlEntityPoller", "src\cloud-run\mysql-entity-poller\MysqlEntityPoller.csproj", "{E1F2A3B4-C5D6-4E7F-8A9B-0C1D2E3F4A5B}"
EndProject
Project("{FAE04EC0-301F-11D3-BF4B-00C04F79EFBC}") = "DaluxEntityPoller", "src\cloud-run\dalux-entity-poller\DaluxEntityPoller.csproj", "{F3B4C5D6-E7A8-4901-B2C3-D4E5F6A7B8C9}"
EndProject
Project("{FAE04EC0-301F-11D3-BF4B-00C04F79EFBC}") = "RisingWavePollerCommon", "src\cloud-run\RisingWavePollerCommon\RisingWavePollerCommon.csproj", "{B5A358B5-3350-7D4B-41F8-5E45F642D405}"
EndProject
Project("{FAE04EC0-301F-11D3-BF4B-00C04F79EFBC}") = "PubSubWriter", "src\cloud-run\pubsub-writer\PubSubWriter.csproj", "{D4E5F6A7-B8C9-4012-BCDE-F01234567890}"
EndProject
Project("{FAE04EC0-301F-11D3-BF4B-00C04F79EFBC}") = "SinkErrorCollector", "src\cloud-run\sink-error-collector\SinkErrorCollector.csproj", "{E1F2A3B4-C5D6-4789-90AB-CDEF12345678}"
EndProject
Project("{2150E333-8FDC-42A3-9474-1A3956D46DE8}") = "cloud-run", "cloud-run", "{9B991C5B-3BFB-C823-E8E6-9AB44C51BE22}"
EndProject
Project("{2150E333-8FDC-42A3-9474-1A3956D46DE8}") = "risingwave-data-api", "risingwave-data-api", "{4E531B09-C115-DBF8-C1EA-0AE4EC2EF7B3}"
EndProject
Project("{FAE04EC0-301F-11D3-BF4B-00C04F79EFBC}") = "RisingWaveDataApi", "src\cloud-run\risingwave-data-api\RisingWaveDataApi.csproj", "{D01205F5-9C58-49EF-8B44-4FC726415D1F}"
EndProject
Global
	GlobalSection(SolutionConfigurationPlatforms) = preSolution
		Debug|Any CPU = Debug|Any CPU
		Debug|x64 = Debug|x64
		Debug|x86 = Debug|x86
		Release|Any CPU = Release|Any CPU
		Release|x64 = Release|x64
		Release|x86 = Release|x86
	EndGlobalSection
	GlobalSection(ProjectConfigurationPlatforms) = postSolution
		{D5A8FAFC-D616-D00A-F9D8-761F354EE724}.Debug|Any CPU.ActiveCfg = Debug|Any CPU
		{D5A8FAFC-D616-D00A-F9D8-761F354EE724}.Debug|Any CPU.Build.0 = Debug|Any CPU
		{D5A8FAFC-D616-D00A-F9D8-761F354EE724}.Debug|x64.ActiveCfg = Debug|Any CPU
		{D5A8FAFC-D616-D00A-F9D8-761F354EE724}.Debug|x64.Build.0 = Debug|Any CPU
		{D5A8FAFC-D616-D00A-F9D8-761F354EE724}.Debug|x86.ActiveCfg = Debug|Any CPU
		{D5A8FAFC-D616-D00A-F9D8-761F354EE724}.Debug|x86.Build.0 = Debug|Any CPU
		{D5A8FAFC-D616-D00A-F9D8-761F354EE724}.Release|Any CPU.ActiveCfg = Release|Any CPU
		{D5A8FAFC-D616-D00A-F9D8-761F354EE724}.Release|Any CPU.Build.0 = Release|Any CPU
		{D5A8FAFC-D616-D00A-F9D8-761F354EE724}.Release|x64.ActiveCfg = Release|Any CPU
		{D5A8FAFC-D616-D00A-F9D8-761F354EE724}.Release|x64.Build.0 = Release|Any CPU
		{D5A8FAFC-D616-D00A-F9D8-761F354EE724}.Release|x86.ActiveCfg = Release|Any CPU
		{D5A8FAFC-D616-D00A-F9D8-761F354EE724}.Release|x86.Build.0 = Release|Any CPU
		{0600EE4A-8D65-C931-5DC3-DA4FD158C14C}.Debug|Any CPU.ActiveCfg = Debug|Any CPU
		{0600EE4A-8D65-C931-5DC3-DA4FD158C14C}.Debug|Any CPU.Build.0 = Debug|Any CPU
		{0600EE4A-8D65-C931-5DC3-DA4FD158C14C}.Debug|x64.ActiveCfg = Debug|Any CPU
		{0600EE4A-8D65-C931-5DC3-DA4FD158C14C}.Debug|x64.Build.0 = Debug|Any CPU
		{0600EE4A-8D65-C931-5DC3-DA4FD158C14C}.Debug|x86.ActiveCfg = Debug|Any CPU
		{0600EE4A-8D65-C931-5DC3-DA4FD158C14C}.Debug|x86.Build.0 = Debug|Any CPU
		{0600EE4A-8D65-C931-5DC3-DA4FD158C14C}.Release|Any CPU.ActiveCfg = Release|Any CPU
		{0600EE4A-8D65-C931-5DC3-DA4FD158C14C}.Release|Any CPU.Build.0 = Release|Any CPU
		{0600EE4A-8D65-C931-5DC3-DA4FD158C14C}.Release|x64.ActiveCfg = Release|Any CPU
		{0600EE4A-8D65-C931-5DC3-DA4FD158C14C}.Release|x64.Build.0 = Release|Any CPU
		{0600EE4A-8D65-C931-5DC3-DA4FD158C14C}.Release|x86.ActiveCfg = Release|Any CPU
		{0600EE4A-8D65-C931-5DC3-DA4FD158C14C}.Release|x86.Build.0 = Release|Any CPU
		{C3F2E1A0-7B84-4D96-8E5F-1A2B3C4D5E6F}.Debug|Any CPU.ActiveCfg = Debug|Any CPU
		{C3F2E1A0-7B84-4D96-8E5F-1A2B3C4D5E6F}.Debug|Any CPU.Build.0 = Debug|Any CPU
		{C3F2E1A0-7B84-4D96-8E5F-1A2B3C4D5E6F}.Debug|x64.ActiveCfg = Debug|Any CPU
		{C3F2E1A0-7B84-4D96-8E5F-1A2B3C4D5E6F}.Debug|x64.Build.0 = Debug|Any CPU
		{C3F2E1A0-7B84-4D96-8E5F-1A2B3C4D5E6F}.Debug|x86.ActiveCfg = Debug|Any CPU
		{C3F2E1A0-7B84-4D96-8E5F-1A2B3C4D5E6F}.Debug|x86.Build.0 = Debug|Any CPU
		{C3F2E1A0-7B84-4D96-8E5F-1A2B3C4D5E6F}.Release|Any CPU.ActiveCfg = Release|Any CPU
		{C3F2E1A0-7B84-4D96-8E5F-1A2B3C4D5E6F}.Release|Any CPU.Build.0 = Release|Any CPU
		{C3F2E1A0-7B84-4D96-8E5F-1A2B3C4D5E6F}.Release|x64.ActiveCfg = Release|Any CPU
		{C3F2E1A0-7B84-4D96-8E5F-1A2B3C4D5E6F}.Release|x64.Build.0 = Release|Any CPU
		{C3F2E1A0-7B84-4D96-8E5F-1A2B3C4D5E6F}.Release|x86.ActiveCfg = Release|Any CPU
		{C3F2E1A0-7B84-4D96-8E5F-1A2B3C4D5E6F}.Release|x86.Build.0 = Release|Any CPU
		{D7E8F9A0-B1C2-4D35-9F6E-2A3B4C5D6E7F}.Debug|Any CPU.ActiveCfg = Debug|Any CPU
		{D7E8F9A0-B1C2-4D35-9F6E-2A3B4C5D6E7F}.Debug|Any CPU.Build.0 = Debug|Any CPU
		{D7E8F9A0-B1C2-4D35-9F6E-2A3B4C5D6E7F}.Debug|x64.ActiveCfg = Debug|Any CPU
		{D7E8F9A0-B1C2-4D35-9F6E-2A3B4C5D6E7F}.Debug|x64.Build.0 = Debug|Any CPU
		{D7E8F9A0-B1C2-4D35-9F6E-2A3B4C5D6E7F}.Debug|x86.ActiveCfg = Debug|Any CPU
		{D7E8F9A0-B1C2-4D35-9F6E-2A3B4C5D6E7F}.Debug|x86.Build.0 = Debug|Any CPU
		{D7E8F9A0-B1C2-4D35-9F6E-2A3B4C5D6E7F}.Release|Any CPU.ActiveCfg = Release|Any CPU
		{D7E8F9A0-B1C2-4D35-9F6E-2A3B4C5D6E7F}.Release|Any CPU.Build.0 = Release|Any CPU
		{D7E8F9A0-B1C2-4D35-9F6E-2A3B4C5D6E7F}.Release|x64.ActiveCfg = Release|Any CPU
		{D7E8F9A0-B1C2-4D35-9F6E-2A3B4C5D6E7F}.Release|x64.Build.0 = Release|Any CPU
		{D7E8F9A0-B1C2-4D35-9F6E-2A3B4C5D6E7F}.Release|x86.ActiveCfg = Release|Any CPU
		{D7E8F9A0-B1C2-4D35-9F6E-2A3B4C5D6E7F}.Release|x86.Build.0 = Release|Any CPU
		{E1F2A3B4-C5D6-4E7F-8A9B-0C1D2E3F4A5B}.Debug|Any CPU.ActiveCfg = Debug|Any CPU
		{E1F2A3B4-C5D6-4E7F-8A9B-0C1D2E3F4A5B}.Debug|Any CPU.Build.0 = Debug|Any CPU
		{E1F2A3B4-C5D6-4E7F-8A9B-0C1D2E3F4A5B}.Debug|x64.ActiveCfg = Debug|Any CPU
		{E1F2A3B4-C5D6-4E7F-8A9B-0C1D2E3F4A5B}.Debug|x64.Build.0 = Debug|Any CPU
		{E1F2A3B4-C5D6-4E7F-8A9B-0C1D2E3F4A5B}.Debug|x86.ActiveCfg = Debug|Any CPU
		{E1F2A3B4-C5D6-4E7F-8A9B-0C1D2E3F4A5B}.Debug|x86.Build.0 = Debug|Any CPU
		{E1F2A3B4-C5D6-4E7F-8A9B-0C1D2E3F4A5B}.Release|Any CPU.ActiveCfg = Release|Any CPU
		{E1F2A3B4-C5D6-4E7F-8A9B-0C1D2E3F4A5B}.Release|Any CPU.Build.0 = Release|Any CPU
		{E1F2A3B4-C5D6-4E7F-8A9B-0C1D2E3F4A5B}.Release|x64.ActiveCfg = Release|Any CPU
		{E1F2A3B4-C5D6-4E7F-8A9B-0C1D2E3F4A5B}.Release|x64.Build.0 = Release|Any CPU
		{E1F2A3B4-C5D6-4E7F-8A9B-0C1D2E3F4A5B}.Release|x86.ActiveCfg = Release|Any CPU
		{E1F2A3B4-C5D6-4E7F-8A9B-0C1D2E3F4A5B}.Release|x86.Build.0 = Release|Any CPU
		{F3B4C5D6-E7A8-4901-B2C3-D4E5F6A7B8C9}.Debug|Any CPU.ActiveCfg = Debug|Any CPU
		{F3B4C5D6-E7A8-4901-B2C3-D4E5F6A7B8C9}.Debug|Any CPU.Build.0 = Debug|Any CPU
		{F3B4C5D6-E7A8-4901-B2C3-D4E5F6A7B8C9}.Debug|x64.ActiveCfg = Debug|Any CPU
		{F3B4C5D6-E7A8-4901-B2C3-D4E5F6A7B8C9}.Debug|x64.Build.0 = Debug|Any CPU
		{F3B4C5D6-E7A8-4901-B2C3-D4E5F6A7B8C9}.Debug|x86.ActiveCfg = Debug|Any CPU
		{F3B4C5D6-E7A8-4901-B2C3-D4E5F6A7B8C9}.Debug|x86.Build.0 = Debug|Any CPU
		{F3B4C5D6-E7A8-4901-B2C3-D4E5F6A7B8C9}.Release|Any CPU.ActiveCfg = Release|Any CPU
		{F3B4C5D6-E7A8-4901-B2C3-D4E5F6A7B8C9}.Release|Any CPU.Build.0 = Release|Any CPU
		{F3B4C5D6-E7A8-4901-B2C3-D4E5F6A7B8C9}.Release|x64.ActiveCfg = Release|Any CPU
		{F3B4C5D6-E7A8-4901-B2C3-D4E5F6A7B8C9}.Release|x64.Build.0 = Release|Any CPU
		{F3B4C5D6-E7A8-4901-B2C3-D4E5F6A7B8C9}.Release|x86.ActiveCfg = Release|Any CPU
		{F3B4C5D6-E7A8-4901-B2C3-D4E5F6A7B8C9}.Release|x86.Build.0 = Release|Any CPU
		{B5A358B5-3350-7D4B-41F8-5E45F642D405}.Debug|Any CPU.ActiveCfg = Debug|Any CPU
		{B5A358B5-3350-7D4B-41F8-5E45F642D405}.Debug|Any CPU.Build.0 = Debug|Any CPU
		{B5A358B5-3350-7D4B-41F8-5E45F642D405}.Debug|x64.ActiveCfg = Debug|Any CPU
		{B5A358B5-3350-7D4B-41F8-5E45F642D405}.Debug|x64.Build.0 = Debug|Any CPU
		{B5A358B5-3350-7D4B-41F8-5E45F642D405}.Debug|x86.ActiveCfg = Debug|Any CPU
		{B5A358B5-3350-7D4B-41F8-5E45F642D405}.Debug|x86.Build.0 = Debug|Any CPU
		{B5A358B5-3350-7D4B-41F8-5E45F642D405}.Release|Any CPU.ActiveCfg = Release|Any CPU
		{B5A358B5-3350-7D4B-41F8-5E45F642D405}.Release|Any CPU.Build.0 = Release|Any CPU
		{B5A358B5-3350-7D4B-41F8-5E45F642D405}.Release|x64.ActiveCfg = Release|Any CPU
		{B5A358B5-3350-7D4B-41F8-5E45F642D405}.Release|x64.Build.0 = Release|Any CPU
		{B5A358B5-3350-7D4B-41F8-5E45F642D405}.Release|x86.ActiveCfg = Release|Any CPU
		{B5A358B5-3350-7D4B-41F8-5E45F642D405}.Release|x86.Build.0 = Release|Any CPU
		{D4E5F6A7-B8C9-4012-BCDE-F01234567890}.Debug|Any CPU.ActiveCfg = Debug|Any CPU
		{D4E5F6A7-B8C9-4012-BCDE-F01234567890}.Debug|Any CPU.Build.0 = Debug|Any CPU
		{D4E5F6A7-B8C9-4012-BCDE-F01234567890}.Debug|x64.ActiveCfg = Debug|Any CPU
		{D4E5F6A7-B8C9-4012-BCDE-F01234567890}.Debug|x64.Build.0 = Debug|Any CPU
		{D4E5F6A7-B8C9-4012-BCDE-F01234567890}.Debug|x86.ActiveCfg = Debug|Any CPU
		{D4E5F6A7-B8C9-4012-BCDE-F01234567890}.Debug|x86.Build.0 = Debug|Any CPU
		{D4E5F6A7-B8C9-4012-BCDE-F01234567890}.Release|Any CPU.ActiveCfg = Release|Any CPU
		{D4E5F6A7-B8C9-4012-BCDE-F01234567890}.Release|Any CPU.Build.0 = Release|Any CPU
		{D4E5F6A7-B8C9-4012-BCDE-F01234567890}.Release|x64.ActiveCfg = Release|Any CPU
		{D4E5F6A7-B8C9-4012-BCDE-F01234567890}.Release|x64.Build.0 = Release|Any CPU
		{D4E5F6A7-B8C9-4012-BCDE-F01234567890}.Release|x86.ActiveCfg = Release|Any CPU
		{D4E5F6A7-B8C9-4012-BCDE-F01234567890}.Release|x86.Build.0 = Release|Any CPU
		{E1F2A3B4-C5D6-4789-90AB-CDEF12345678}.Debug|Any CPU.ActiveCfg = Debug|Any CPU
		{E1F2A3B4-C5D6-4789-90AB-CDEF12345678}.Debug|Any CPU.Build.0 = Debug|Any CPU
		{E1F2A3B4-C5D6-4789-90AB-CDEF12345678}.Debug|x64.ActiveCfg = Debug|Any CPU
		{E1F2A3B4-C5D6-4789-90AB-CDEF12345678}.Debug|x64.Build.0 = Debug|Any CPU
		{E1F2A3B4-C5D6-4789-90AB-CDEF12345678}.Debug|x86.ActiveCfg = Debug|Any CPU
		{E1F2A3B4-C5D6-4789-90AB-CDEF12345678}.Debug|x86.Build.0 = Debug|Any CPU
		{E1F2A3B4-C5D6-4789-90AB-CDEF12345678}.Release|Any CPU.ActiveCfg = Release|Any CPU
		{E1F2A3B4-C5D6-4789-90AB-CDEF12345678}.Release|Any CPU.Build.0 = Release|Any CPU
		{E1F2A3B4-C5D6-4789-90AB-CDEF12345678}.Release|x64.ActiveCfg = Release|Any CPU
		{E1F2A3B4-C5D6-4789-90AB-CDEF12345678}.Release|x64.Build.0 = Release|Any CPU
		{E1F2A3B4-C5D6-4789-90AB-CDEF12345678}.Release|x86.ActiveCfg = Release|Any CPU
		{E1F2A3B4-C5D6-4789-90AB-CDEF12345678}.Release|x86.Build.0 = Release|Any CPU
		{D01205F5-9C58-49EF-8B44-4FC726415D1F}.Debug|Any CPU.ActiveCfg = Debug|Any CPU
		{D01205F5-9C58-49EF-8B44-4FC726415D1F}.Debug|Any CPU.Build.0 = Debug|Any CPU
		{D01205F5-9C58-49EF-8B44-4FC726415D1F}.Debug|x64.ActiveCfg = Debug|Any CPU
		{D01205F5-9C58-49EF-8B44-4FC726415D1F}.Debug|x64.Build.0 = Debug|Any CPU
		{D01205F5-9C58-49EF-8B44-4FC726415D1F}.Debug|x86.ActiveCfg = Debug|Any CPU
		{D01205F5-9C58-49EF-8B44-4FC726415D1F}.Debug|x86.Build.0 = Debug|Any CPU
		{D01205F5-9C58-49EF-8B44-4FC726415D1F}.Release|Any CPU.ActiveCfg = Release|Any CPU
		{D01205F5-9C58-49EF-8B44-4FC726415D1F}.Release|Any CPU.Build.0 = Release|Any CPU
		{D01205F5-9C58-49EF-8B44-4FC726415D1F}.Release|x64.ActiveCfg = Release|Any CPU
		{D01205F5-9C58-49EF-8B44-4FC726415D1F}.Release|x64.Build.0 = Release|Any CPU
		{D01205F5-9C58-49EF-8B44-4FC726415D1F}.Release|x86.ActiveCfg = Release|Any CPU
		{D01205F5-9C58-49EF-8B44-4FC726415D1F}.Release|x86.Build.0 = Release|Any CPU
	EndGlobalSection
	GlobalSection(SolutionProperties) = preSolution
		HideSolutionNode = FALSE
	EndGlobalSection
	GlobalSection(NestedProjects) = preSolution
		{D5A8FAFC-D616-D00A-F9D8-761F354EE724} = {02EA681E-C7D8-13C7-8484-4AC65E1B71E8}
		{0600EE4A-8D65-C931-5DC3-DA4FD158C14C} = {02EA681E-C7D8-13C7-8484-4AC65E1B71E8}
		{C3F2E1A0-7B84-4D96-8E5F-1A2B3C4D5E6F} = {02EA681E-C7D8-13C7-8484-4AC65E1B71E8}
		{D7E8F9A0-B1C2-4D35-9F6E-2A3B4C5D6E7F} = {02EA681E-C7D8-13C7-8484-4AC65E1B71E8}
		{E1F2A3B4-C5D6-4E7F-8A9B-0C1D2E3F4A5B} = {02EA681E-C7D8-13C7-8484-4AC65E1B71E8}
		{F3B4C5D6-E7A8-4901-B2C3-D4E5F6A7B8C9} = {02EA681E-C7D8-13C7-8484-4AC65E1B71E8}
		{B5A358B5-3350-7D4B-41F8-5E45F642D405} = {02EA681E-C7D8-13C7-8484-4AC65E1B71E8}
		{D4E5F6A7-B8C9-4012-BCDE-F01234567890} = {02EA681E-C7D8-13C7-8484-4AC65E1B71E8}
		{E1F2A3B4-C5D6-4789-90AB-CDEF12345678} = {02EA681E-C7D8-13C7-8484-4AC65E1B71E8}
		{9B991C5B-3BFB-C823-E8E6-9AB44C51BE22} = {02EA681E-C7D8-13C7-8484-4AC65E1B71E8}
		{4E531B09-C115-DBF8-C1EA-0AE4EC2EF7B3} = {9B991C5B-3BFB-C823-E8E6-9AB44C51BE22}
		{D01205F5-9C58-49EF-8B44-4FC726415D1F} = {4E531B09-C115-DBF8-C1EA-0AE4EC2EF7B3}
	EndGlobalSection
	GlobalSection(ExtensibilityGlobals) = postSolution
		SolutionGuid = {7DE3A650-DD95-4F29-BF9D-0DE5A7A0C2B9}
	EndGlobalSection
EndGlobal
